
Microsoft Visual Studio Solution File, Format Version 12.00
# Visual Studio 15
VisualStudioVersion = 15.0.28307.136
MinimumVisualStudioVersion = 10.0.40219.1
Project("{9A19103F-16F7-4668-BE54-9A1E7A4F7556}") = "WufFood", "WufFood.csproj", "{12B3161A-D7F7-4A51-A30D-D54A96B1A606}"
EndProject
Global
	GlobalSection(SolutionConfigurationPlatforms) = preSolution
		Debug|Any CPU = Debug|Any CPU
		Release|Any CPU = Release|Any CPU
	EndGlobalSection
	GlobalSection(ProjectConfigurationPlatforms) = postSolution
		{12B3161A-D7F7-4A51-A30D-D54A96B1A606}.Debug|Any CPU.ActiveCfg = Debug|Any CPU
		{12B3161A-D7F7-4A51-A30D-D54A96B1A606}.Debug|Any CPU.Build.0 = Debug|Any CPU
		{12B3161A-D7F7-4A51-A30D-D54A96B1A606}.Release|Any CPU.ActiveCfg = Release|Any CPU
		{12B3161A-D7F7-4A51-A30D-D54A96B1A606}.Release|Any CPU.Build.0 = Release|Any CPU
	EndGlobalSection
	GlobalSection(SolutionProperties) = preSolution
		HideSolutionNode = FALSE
	EndGlobalSection
	GlobalSection(ExtensibilityGlobals) = postSolution
		SolutionGuid = {5B42A5EF-EFE0-4567-97C8-7BC3E4D0ACCD}
	EndGlobalSection
EndGlobal
